
Microsoft Visual Studio Solution File, Format Version 12.00
# Visual Studio Version 16
VisualStudioVersion = 16.0.30621.155
MinimumVisualStudioVersion = 10.0.40219.1
Project("{FAE04EC0-301F-11D3-BF4B-00C04F79EFBC}") = "proserv", "proserv\proserv.csproj", "{EB648617-02F7-47C3-B54D-1F92D86CC421}"
EndProject
Global
	GlobalSection(SolutionConfigurationPlatforms) = preSolution
		Debug|Any CPU = Debug|Any CPU
		Release|Any CPU = Release|Any CPU
	EndGlobalSection
	GlobalSection(ProjectConfigurationPlatforms) = postSolution
		{EB648617-02F7-47C3-B54D-1F92D86CC421}.Debug|Any CPU.ActiveCfg = Debug|Any CPU
		{EB648617-02F7-47C3-B54D-1F92D86CC421}.Debug|Any CPU.Build.0 = Debug|Any CPU
		{EB648617-02F7-47C3-B54D-1F92D86CC421}.Release|Any CPU.ActiveCfg = Release|Any CPU
		{EB648617-02F7-47C3-B54D-1F92D86CC421}.Release|Any CPU.Build.0 = Release|Any CPU
	EndGlobalSection
	GlobalSection(SolutionProperties) = preSolution
		HideSolutionNode = FALSE
	EndGlobalSection
	GlobalSection(ExtensibilityGlobals) = postSolution
		SolutionGuid = {FD50311E-0EAB-4C2A-A25D-CC4F6CFBC0E1}
	EndGlobalSection
EndGlobal
